
Microsoft Visual Studio Solution File, Format Version 12.00
# Visual Studio 15
VisualStudioVersion = 15.0.26430.6
MinimumVisualStudioVersion = 10.0.40219.1
Project("{FAE04EC0-301F-11D3-BF4B-00C04F79EFBC}") = "Purse", "Purse\Purse.csproj", "{76063CE0-D08D-499A-87E6-489B51ECC3F2}"
EndProject
Project("{FAE04EC0-301F-11D3-BF4B-00C04F79EFBC}") = "Money", "Money\Money.csproj", "{A3EC71F0-BFB9-48B9-B2B6-2ACB3311D701}"
EndProject
Project("{FAE04EC0-301F-11D3-BF4B-00C04F79EFBC}") = "CreditCard", "CreditCard\CreditCard.csproj", "{3FCDB6F2-CA1C-4300-AC0A-3A2425DF5A53}"
EndProject
Project("{FAE04EC0-301F-11D3-BF4B-00C04F79EFBC}") = "BusinessCard", "BusinessCard\BusinessCard.csproj", "{24D43D64-C603-4D4D-A8DF-84B10F13C004}"
EndProject
Global
	GlobalSection(SolutionConfigurationPlatforms) = preSolution
		Debug|Any CPU = Debug|Any CPU
		Release|Any CPU = Release|Any CPU
	EndGlobalSection
	GlobalSection(ProjectConfigurationPlatforms) = postSolution
		{76063CE0-D08D-499A-87E6-489B51ECC3F2}.Debug|Any CPU.ActiveCfg = Debug|Any CPU
		{76063CE0-D08D-499A-87E6-489B51ECC3F2}.Debug|Any CPU.Build.0 = Debug|Any CPU
		{76063CE0-D08D-499A-87E6-489B51ECC3F2}.Release|Any CPU.ActiveCfg = Release|Any CPU
		{76063CE0-D08D-499A-87E6-489B51ECC3F2}.Release|Any CPU.Build.0 = Release|Any CPU
		{A3EC71F0-BFB9-48B9-B2B6-2ACB3311D701}.Debug|Any CPU.ActiveCfg = Debug|Any CPU
		{A3EC71F0-BFB9-48B9-B2B6-2ACB3311D701}.Debug|Any CPU.Build.0 = Debug|Any CPU
		{A3EC71F0-BFB9-48B9-B2B6-2ACB3311D701}.Release|Any CPU.ActiveCfg = Release|Any CPU
		{A3EC71F0-BFB9-48B9-B2B6-2ACB3311D701}.Release|Any CPU.Build.0 = Release|Any CPU
		{3FCDB6F2-CA1C-4300-AC0A-3A2425DF5A53}.Debug|Any CPU.ActiveCfg = Debug|Any CPU
		{3FCDB6F2-CA1C-4300-AC0A-3A2425DF5A53}.Debug|Any CPU.Build.0 = Debug|Any CPU
		{3FCDB6F2-CA1C-4300-AC0A-3A2425DF5A53}.Release|Any CPU.ActiveCfg = Release|Any CPU
		{3FCDB6F2-CA1C-4300-AC0A-3A2425DF5A53}.Release|Any CPU.Build.0 = Release|Any CPU
		{24D43D64-C603-4D4D-A8DF-84B10F13C004}.Debug|Any CPU.ActiveCfg = Debug|Any CPU
		{24D43D64-C603-4D4D-A8DF-84B10F13C004}.Debug|Any CPU.Build.0 = Debug|Any CPU
		{24D43D64-C603-4D4D-A8DF-84B10F13C004}.Release|Any CPU.ActiveCfg = Release|Any CPU
		{24D43D64-C603-4D4D-A8DF-84B10F13C004}.Release|Any CPU.Build.0 = Release|Any CPU
	EndGlobalSection
	GlobalSection(SolutionProperties) = preSolution
		HideSolutionNode = FALSE
	EndGlobalSection
EndGlobal
